
Microsoft Visual Studio Solution File, Format Version 12.00
# Visual Studio Version 16
VisualStudioVersion = 16.0.32602.291
MinimumVisualStudioVersion = 10.0.40219.1
Project("{FAE04EC0-301F-11D3-BF4B-00C04F79EFBC}") = "MathDll", "MathDll.csproj", "{698189F2-508C-4C2A-B481-0773CC5DC724}"
EndProject
Global
	GlobalSection(SolutionConfigurationPlatforms) = preSolution
		Debug|Any CPU = Debug|Any CPU
		Release|Any CPU = Release|Any CPU
	EndGlobalSection
	GlobalSection(ProjectConfigurationPlatforms) = postSolution
		{698189F2-508C-4C2A-B481-0773CC5DC724}.Debug|Any CPU.ActiveCfg = Debug|Any CPU
		{698189F2-508C-4C2A-B481-0773CC5DC724}.Debug|Any CPU.Build.0 = Debug|Any CPU
		{698189F2-508C-4C2A-B481-0773CC5DC724}.Release|Any CPU.ActiveCfg = Release|Any CPU
		{698189F2-508C-4C2A-B481-0773CC5DC724}.Release|Any CPU.Build.0 = Release|Any CPU
	EndGlobalSection
	GlobalSection(SolutionProperties) = preSolution
		HideSolutionNode = FALSE
	EndGlobalSection
	GlobalSection(ExtensibilityGlobals) = postSolution
		SolutionGuid = {09135603-A539-4E55-BAE9-9F4728E7FC7C}
	EndGlobalSection
EndGlobal
